// !$*UTF8*$!
{
	archiveVersion = 1;
	classes = {
	};
	objectVersion = 46;
	objects = {

/* Begin PBXBuildFile section */
		A3C1F4071AA2B19B00286B99 /* AppDelegate.swift in Sources */ = {isa = PBXBuildFile; fileRef = A3C1F4061AA2B19B00286B99 /* AppDelegate.swift */; };
		A3C1F4091AA2B19B00286B99 /* ViewController.swift in Sources */ = {isa = PBXBuildFile; fileRef = A3C1F4081AA2B19B00286B99 /* ViewController.swift */; };
		A3C1F40C1AA2B19B00286B99 /* Main.storyboard in Resources */ = {isa = PBXBuildFile; fileRef = A3C1F40A1AA2B19B00286B99 /* Main.storyboard */; };
		A3C1F40E1AA2B19B00286B99 /* Images.xcassets in Resources */ = {isa = PBXBuildFile; fileRef = A3C1F40D1AA2B19B00286B99 /* Images.xcassets */; };
		A3C1F4111AA2B19B00286B99 /* LaunchScreen.xib in Resources */ = {isa = PBXBuildFile; fileRef = A3C1F40F1AA2B19B00286B99 /* LaunchScreen.xib */; };
		A3C1F41D1AA2B19B00286B99 /* SLCKRGFTests.swift in Sources */ = {isa = PBXBuildFile; fileRef = A3C1F41C1AA2B19B00286B99 /* SLCKRGFTests.swift */; };
/* End PBXBuildFile section */

/* Begin PBXContainerItemProxy section */
		A3C1F4171AA2B19B00286B99 /* PBXContainerItemProxy */ = {
			isa = PBXContainerItemProxy;
			containerPortal = A3C1F3F91AA2B19B00286B99 /* Project object */;
			proxyType = 1;
			remoteGlobalIDString = A3C1F4001AA2B19B00286B99;
			remoteInfo = SLCKRGF;
		};
/* End PBXContainerItemProxy section */

/* Begin PBXFileReference section */
		A3C1F4011AA2B19B00286B99 /* SLCKRGF.app */ = {isa = PBXFileReference; explicitFileType = wrapper.application; includeInIndex = 0; path = SLCKRGF.app; sourceTree = BUILT_PRODUCTS_DIR; };
		A3C1F4051AA2B19B00286B99 /* Info.plist */ = {isa = PBXFileReference; lastKnownFileType = text.plist.xml; path = Info.plist; sourceTree = "<group>"; };
		A3C1F4061AA2B19B00286B99 /* AppDelegate.swift */ = {isa = PBXFileReference; lastKnownFileType = sourcecode.swift; path = AppDelegate.swift; sourceTree = "<group>"; };
		A3C1F4081AA2B19B00286B99 /* ViewController.swift */ = {isa = PBXFileReference; lastKnownFileType = sourcecode.swift; path = ViewController.swift; sourceTree = "<group>"; };
		A3C1F40B1AA2B19B00286B99 /* Base */ = {isa = PBXFileReference; lastKnownFileType = file.storyboard; name = Base; path = Base.lproj/Main.storyboard; sourceTree = "<group>"; };
		A3C1F40D1AA2B19B00286B99 /* Images.xcassets */ = {isa = PBXFileReference; lastKnownFileType = folder.assetcatalog; path = Images.xcassets; sourceTree = "<group>"; };
		A3C1F4101AA2B19B00286B99 /* Base */ = {isa = PBXFileReference; lastKnownFileType = file.xib; name = Base; path = Base.lproj/LaunchScreen.xib; sourceTree = "<group>"; };
		A3C1F4161AA2B19B00286B99 /* SLCKRGFTests.xctest */ = {isa = PBXFileReference; explicitFileType = wrapper.cfbundle; includeInIndex = 0; path = SLCKRGFTests.xctest; sourceTree = BUILT_PRODUCTS_DIR; };
		A3C1F41B1AA2B19B00286B99 /* Info.plist */ = {isa = PBXFileReference; lastKnownFileType = text.plist.xml; path = Info.plist; sourceTree = "<group>"; };
		A3C1F41C1AA2B19B00286B99 /* SLCKRGFTests.swift */ = {isa = PBXFileReference; lastKnownFileType = sourcecode.swift; path = SLCKRGFTests.swift; sourceTree = "<group>"; };
/* End PBXFileReference section */

/* Begin PBXFrameworksBuildPhase section */
		A3C1F3FE1AA2B19B00286B99 /* Frameworks */ = {
			isa = PBXFrameworksBuildPhase;
			buildActionMask = 2147483647;
			files = (
			);
			runOnlyForDeploymentPostprocessing = 0;
		};
		A3C1F4131AA2B19B00286B99 /* Frameworks */ = {
			isa = PBXFrameworksBuildPhase;
			buildActionMask = 2147483647;
			files = (
			);
			runOnlyForDeploymentPostprocessing = 0;
		};
/* End PBXFrameworksBuildPhase section */

/* Begin PBXGroup section */
		A3C1F3F81AA2B19B00286B99 = {
			isa = PBXGroup;
			children = (
				A3C1F4031AA2B19B00286B99 /* SLCKRGF */,
				A3C1F4191AA2B19B00286B99 /* SLCKRGFTests */,
				A3C1F4021AA2B19B00286B99 /* Products */,
			);
			sourceTree = "<group>";
		};
		A3C1F4021AA2B19B00286B99 /* Products */ = {
			isa = PBXGroup;
			children = (
				A3C1F4011AA2B19B00286B99 /* SLCKRGF.app */,
				A3C1F4161AA2B19B00286B99 /* SLCKRGFTests.xctest */,
			);
			name = Products;
			sourceTree = "<group>";
		};
		A3C1F4031AA2B19B00286B99 /* SLCKRGF */ = {
			isa = PBXGroup;
			children = (
				A3C1F4061AA2B19B00286B99 /* AppDelegate.swift */,
				A3C1F4081AA2B19B00286B99 /* ViewController.swift */,
				A3C1F40A1AA2B19B00286B99 /* Main.storyboard */,
				A3C1F40D1AA2B19B00286B99 /* Images.xcassets */,
				A3C1F40F1AA2B19B00286B99 /* LaunchScreen.xib */,
				A3C1F4041AA2B19B00286B99 /* Supporting Files */,
			);
			path = SLCKRGF;
			sourceTree = "<group>";
		};
		A3C1F4041AA2B19B00286B99 /* Supporting Files */ = {
			isa = PBXGroup;
			children = (
				A3C1F4051AA2B19B00286B99 /* Info.plist */,
			);
			name = "Supporting Files";
			sourceTree = "<group>";
		};
		A3C1F4191AA2B19B00286B99 /* SLCKRGFTests */ = {
			isa = PBXGroup;
			children = (
				A3C1F41C1AA2B19B00286B99 /* SLCKRGFTests.swift */,
				A3C1F41A1AA2B19B00286B99 /* Supporting Files */,
			);
			path = SLCKRGFTests;
			sourceTree = "<group>";
		};
		A3C1F41A1AA2B19B00286B99 /* Supporting Files */ = {
			isa = PBXGroup;
			children = (
				A3C1F41B1AA2B19B00286B99 /* Info.plist */,
			);
			name = "Supporting Files";
			sourceTree = "<group>";
		};
/* End PBXGroup section */

/* Begin PBXNativeTarget section */
		A3C1F4001AA2B19B00286B99 /* SLCKRGF */ = {
			isa = PBXNativeTarget;
			buildConfigurationList = A3C1F4201AA2B19B00286B99 /* Build configuration list for PBXNativeTarget "SLCKRGF" */;
			buildPhases = (
				A3C1F3FD1AA2B19B00286B99 /* Sources */,
				A3C1F3FE1AA2B19B00286B99 /* Frameworks */,
				A3C1F3FF1AA2B19B00286B99 /* Resources */,
			);
			buildRules = (
			);
			dependencies = (
			);
			name = SLCKRGF;
			productName = SLCKRGF;
			productReference = A3C1F4011AA2B19B00286B99 /* SLCKRGF.app */;
			productType = "com.apple.product-type.application";
		};
		A3C1F4151AA2B19B00286B99 /* SLCKRGFTests */ = {
			isa = PBXNativeTarget;
			buildConfigurationList = A3C1F4231AA2B19B00286B99 /* Build configuration list for PBXNativeTarget "SLCKRGFTests" */;
			buildPhases = (
				A3C1F4121AA2B19B00286B99 /* Sources */,
				A3C1F4131AA2B19B00286B99 /* Frameworks */,
				A3C1F4141AA2B19B00286B99 /* Resources */,
			);
			buildRules = (
			);
			dependencies = (
				A3C1F4181AA2B19B00286B99 /* PBXTargetDependency */,
			);
			name = SLCKRGFTests;
			productName = SLCKRGFTests;
			productReference = A3C1F4161AA2B19B00286B99 /* SLCKRGFTests.xctest */;
			productType = "com.apple.product-type.bundle.unit-test";
		};
/* End PBXNativeTarget section */

/* Begin PBXProject section */
		A3C1F3F91AA2B19B00286B99 /* Project object */ = {
			isa = PBXProject;
			attributes = {
				LastUpgradeCheck = 0630;
				ORGANIZATIONNAME = ampersandsoftworks;
				TargetAttributes = {
					A3C1F4001AA2B19B00286B99 = {
						CreatedOnToolsVersion = 6.3;
					};
					A3C1F4151AA2B19B00286B99 = {
						CreatedOnToolsVersion = 6.3;
						TestTargetID = A3C1F4001AA2B19B00286B99;
					};
				};
			};
			buildConfigurationList = A3C1F3FC1AA2B19B00286B99 /* Build configuration list for PBXProject "SLCKRGF" */;
			compatibilityVersion = "Xcode 3.2";
			developmentRegion = English;
			hasScannedForEncodings = 0;
			knownRegions = (
				en,
				Base,
			);
			mainGroup = A3C1F3F81AA2B19B00286B99;
			productRefGroup = A3C1F4021AA2B19B00286B99 /* Products */;
			projectDirPath = "";
			projectRoot = "";
			targets = (
				A3C1F4001AA2B19B00286B99 /* SLCKRGF */,
				A3C1F4151AA2B19B00286B99 /* SLCKRGFTests */,
			);
		};
/* End PBXProject section */

/* Begin PBXResourcesBuildPhase section */
		A3C1F3FF1AA2B19B00286B99 /* Resources */ = {
			isa = PBXResourcesBuildPhase;
			buildActionMask = 2147483647;
			files = (
				A3C1F40C1AA2B19B00286B99 /* Main.storyboard in Resources */,
				A3C1F4111AA2B19B00286B99 /* LaunchScreen.xib in Resources */,
				A3C1F40E1AA2B19B00286B99 /* Images.xcassets in Resources */,
			);
			runOnlyForDeploymentPostprocessing = 0;
		};
		A3C1F4141AA2B19B00286B99 /* Resources */ = {
			isa = PBXResourcesBuildPhase;
			buildActionMask = 2147483647;
			files = (
			);
			runOnlyForDeploymentPostprocessing = 0;
		};
/* End PBXResourcesBuildPhase section */

/* Begin PBXSourcesBuildPhase section */
		A3C1F3FD1AA2B19B00286B99 /* Sources */ = {
			isa = PBXSourcesBuildPhase;
			buildActionMask = 2147483647;
			files = (
				A3C1F4091AA2B19B00286B99 /* ViewController.swift in Sources */,
				A3C1F4071AA2B19B00286B99 /* AppDelegate.swift in Sources */,
			);
			runOnlyForDeploymentPostprocessing = 0;
		};
		A3C1F4121AA2B19B00286B99 /* Sources */ = {
			isa = PBXSourcesBuildPhase;
			buildActionMask = 2147483647;
			files = (
				A3C1F41D1AA2B19B00286B99 /* SLCKRGFTests.swift in Sources */,
			);
			runOnlyForDeploymentPostprocessing = 0;
		};
/* End PBXSourcesBuildPhase section */

/* Begin PBXTargetDependency section */
		A3C1F4181AA2B19B00286B99 /* PBXTargetDependency */ = {
			isa = PBXTargetDependency;
			target = A3C1F4001AA2B19B00286B99 /* SLCKRGF */;
			targetProxy = A3C1F4171AA2B19B00286B99 /* PBXContainerItemProxy */;
		};
/* End PBXTargetDependency section */

/* Begin PBXVariantGroup section */
		A3C1F40A1AA2B19B00286B99 /* Main.storyboard */ = {
			isa = PBXVariantGroup;
			children = (
				A3C1F40B1AA2B19B00286B99 /* Base */,
			);
			name = Main.storyboard;
			sourceTree = "<group>";
		};
		A3C1F40F1AA2B19B00286B99 /* LaunchScreen.xib */ = {
			isa = PBXVariantGroup;
			children = (
				A3C1F4101AA2B19B00286B99 /* Base */,
			);
			name = LaunchScreen.xib;
			sourceTree = "<group>";
		};
/* End PBXVariantGroup section */

/* Begin XCBuildConfiguration section */
		A3C1F41E1AA2B19B00286B99 /* Debug */ = {
			isa = XCBuildConfiguration;
			buildSettings = {
				ALWAYS_SEARCH_USER_PATHS = NO;
				CLANG_CXX_LANGUAGE_STANDARD = "gnu++0x";
				CLANG_CXX_LIBRARY = "libc++";
				CLANG_ENABLE_MODULES = YES;
				CLANG_ENABLE_OBJC_ARC = YES;
				CLANG_WARN_BOOL_CONVERSION = YES;
				CLANG_WARN_CONSTANT_CONVERSION = YES;
				CLANG_WARN_DIRECT_OBJC_ISA_USAGE = YES_ERROR;
				CLANG_WARN_EMPTY_BODY = YES;
				CLANG_WARN_ENUM_CONVERSION = YES;
				CLANG_WARN_INT_CONVERSION = YES;
				CLANG_WARN_OBJC_ROOT_CLASS = YES_ERROR;
				CLANG_WARN_UNREACHABLE_CODE = YES;
				CLANG_WARN__DUPLICATE_METHOD_MATCH = YES;
				"CODE_SIGN_IDENTITY[sdk=iphoneos*]" = "iPhone Developer";
				COPY_PHASE_STRIP = NO;
				DEBUG_INFORMATION_FORMAT = dwarf;
				ENABLE_STRICT_OBJC_MSGSEND = YES;
				GCC_C_LANGUAGE_STANDARD = gnu99;
				GCC_DYNAMIC_NO_PIC = NO;
				GCC_NO_COMMON_BLOCKS = YES;
				GCC_OPTIMIZATION_LEVEL = 0;
				GCC_PREPROCESSOR_DEFINITIONS = (
					"DEBUG=1",
					"$(inherited)",
				);
				GCC_SYMBOLS_PRIVATE_EXTERN = NO;
				GCC_WARN_64_TO_32_BIT_CONVERSION = YES;
				GCC_WARN_ABOUT_RETURN_TYPE = YES_ERROR;
				GCC_WARN_UNDECLARED_SELECTOR = YES;
				GCC_WARN_UNINITIALIZED_AUTOS = YES_AGGRESSIVE;
				GCC_WARN_UNUSED_FUNCTION = YES;
				GCC_WARN_UNUSED_VARIABLE = YES;
				IPHONEOS_DEPLOYMENT_TARGET = 8.3;
				MTL_ENABLE_DEBUG_INFO = YES;
				ONLY_ACTIVE_ARCH = YES;
				SDKROOT = iphoneos;
				SWIFT_OPTIMIZATION_LEVEL = "-Onone";
				TARGETED_DEVICE_FAMILY = "1,2";
			};
			name = Debug;
		};
		A3C1F41F1AA2B19B00286B99 /* Release */ = {
			isa = XCBuildConfiguration;
			buildSettings = {
				ALWAYS_SEARCH_USER_PATHS = NO;
				CLANG_CXX_LANGUAGE_STANDARD = "gnu++0x";
				CLANG_CXX_LIBRARY = "libc++";
				CLANG_ENABLE_MODULES = YES;
				CLANG_ENABLE_OBJC_ARC = YES;
				CLANG_WARN_BOOL_CONVERSION = YES;
				CLANG_WARN_CONSTANT_CONVERSION = YES;
				CLANG_WARN_DIRECT_OBJC_ISA_USAGE = YES_ERROR;
				CLANG_WARN_EMPTY_BODY = YES;
				CLANG_WARN_ENUM_CONVERSION = YES;
				CLANG_WARN_INT_CONVERSION = YES;
				CLANG_WARN_OBJC_ROOT_CLASS = YES_ERROR;
				CLANG_WARN_UNREACHABLE_CODE = YES;
				CLANG_WARN__DUPLICATE_METHOD_MATCH = YES;
				"CODE_SIGN_IDENTITY[sdk=iphoneos*]" = "iPhone Developer";
				COPY_PHASE_STRIP = NO;
				DEBUG_INFORMATION_FORMAT = "dwarf-with-dsym";
				ENABLE_NS_ASSERTIONS = NO;
				ENABLE_STRICT_OBJC_MSGSEND = YES;
				GCC_C_LANGUAGE_STANDARD = gnu99;
				GCC_NO_COMMON_BLOCKS = YES;
				GCC_WARN_64_TO_32_BIT_CONVERSION = YES;
				GCC_WARN_ABOUT_RETURN_TYPE = YES_ERROR;
				GCC_WARN_UNDECLARED_SELECTOR = YES;
				GCC_WARN_UNINITIALIZED_AUTOS = YES_AGGRESSIVE;
				GCC_WARN_UNUSED_FUNCTION = YES;
				GCC_WARN_UNUSED_VARIABLE = YES;
				IPHONEOS_DEPLOYMENT_TARGET = 8.3;
				MTL_ENABLE_DEBUG_INFO = NO;
				SDKROOT = iphoneos;
				TARGETED_DEVICE_FAMILY = "1,2";
				VALIDATE_PRODUCT = YES;
			};
			name = Release;
		};
		A3C1F4211AA2B19B00286B99 /* Debug */ = {
			isa = XCBuildConfiguration;
			buildSettings = {
				ASSETCATALOG_COMPILER_APPICON_NAME = AppIcon;
				INFOPLIST_FILE = SLCKRGF/Info.plist;
				LD_RUNPATH_SEARCH_PATHS = "$(inherited) @executable_path/Frameworks";
				PRODUCT_NAME = "$(TARGET_NAME)";
			};
			name = Debug;
		};
		A3C1F4221AA2B19B00286B99 /* Release */ = {
			isa = XCBuildConfiguration;
			buildSettings = {
				ASSETCATALOG_COMPILER_APPICON_NAME = AppIcon;
				INFOPLIST_FILE = SLCKRGF/Info.plist;
				LD_RUNPATH_SEARCH_PATHS = "$(inherited) @executable_path/Frameworks";
				PRODUCT_NAME = "$(TARGET_NAME)";
			};
			name = Release;
		};
		A3C1F4241AA2B19B00286B99 /* Debug */ = {
			isa = XCBuildConfiguration;
			buildSettings = {
				BUNDLE_LOADER = "$(TEST_HOST)";
				FRAMEWORK_SEARCH_PATHS = (
					"$(SDKROOT)/Developer/Library/Frameworks",
					"$(inherited)",
				);
				GCC_PREPROCESSOR_DEFINITIONS = (
					"DEBUG=1",
					"$(inherited)",
				);
				INFOPLIST_FILE = SLCKRGFTests/Info.plist;
				LD_RUNPATH_SEARCH_PATHS = "$(inherited) @executable_path/Frameworks @loader_path/Frameworks";
				PRODUCT_NAME = "$(TARGET_NAME)";
				TEST_HOST = "$(BUILT_PRODUCTS_DIR)/SLCKRGF.app/SLCKRGF";
			};
			name = Debug;
		};
		A3C1F4251AA2B19B00286B99 /* Release */ = {
			isa = XCBuildConfiguration;
			buildSettings = {
				BUNDLE_LOADER = "$(TEST_HOST)";
				FRAMEWORK_SEARCH_PATHS = (
					"$(SDKROOT)/Developer/Library/Frameworks",
					"$(inherited)",
				);
				INFOPLIST_FILE = SLCKRGFTests/Info.plist;
				LD_RUNPATH_SEARCH_PATHS = "$(inherited) @executable_path/Frameworks @loader_path/Frameworks";
				PRODUCT_NAME = "$(TARGET_NAME)";
				TEST_HOST = "$(BUILT_PRODUCTS_DIR)/SLCKRGF.app/SLCKRGF";
			};
			name = Release;
		};
/* End XCBuildConfiguration section */

/* Begin XCConfigurationList section */
		A3C1F3FC1AA2B19B00286B99 /* Build configuration list for PBXProject "SLCKRGF" */ = {
			isa = XCConfigurationList;
			buildConfigurations = (
				A3C1F41E1AA2B19B00286B99 /* Debug */,
				A3C1F41F1AA2B19B00286B99 /* Release */,
			);
			defaultConfigurationIsVisible = 0;
			defaultConfigurationName = Release;
		};
		A3C1F4201AA2B19B00286B99 /* Build configuration list for PBXNativeTarget "SLCKRGF" */ = {
			isa = XCConfigurationList;
			buildConfigurations = (
				A3C1F4211AA2B19B00286B99 /* Debug */,
				A3C1F4221AA2B19B00286B99 /* Release */,
			);
			defaultConfigurationIsVisible = 0;
		};
		A3C1F4231AA2B19B00286B99 /* Build configuration list for PBXNativeTarget "SLCKRGFTests" */ = {
			isa = XCConfigurationList;
			buildConfigurations = (
				A3C1F4241AA2B19B00286B99 /* Debug */,
				A3C1F4251AA2B19B00286B99 /* Release */,
			);
			defaultConfigurationIsVisible = 0;
		};
/* End XCConfigurationList section */
	};
	rootObject = A3C1F3F91AA2B19B00286B99 /* Project object */;
}
